
Microsoft Visual Studio Solution File, Format Version 12.00
# Visual Studio Version 17
VisualStudioVersion = 17.8.34525.116
MinimumVisualStudioVersion = 10.0.40219.1
Project("{9A19103F-16F7-4668-BE54-9A1E7A4F7556}") = "FloodLevels", "FloodLevels\FloodLevels.csproj", "{8B11DE11-4758-47DE-AE48-3F18B332F391}"
EndProject
Project("{9A19103F-16F7-4668-BE54-9A1E7A4F7556}") = "vosplzen.sem2.2023.apiClient", "vosplzen.sem2.2023.apiClient\vosplzen.sem2.2023.apiClient.csproj", "{0C6928E1-E8B5-4C75-842C-D744C50360E8}"
EndProject
Global
	GlobalSection(SolutionConfigurationPlatforms) = preSolution
		Debug|Any CPU = Debug|Any CPU
		Release|Any CPU = Release|Any CPU
	EndGlobalSection
	GlobalSection(ProjectConfigurationPlatforms) = postSolution
		{8B11DE11-4758-47DE-AE48-3F18B332F391}.Debug|Any CPU.ActiveCfg = Debug|Any CPU
		{8B11DE11-4758-47DE-AE48-3F18B332F391}.Debug|Any CPU.Build.0 = Debug|Any CPU
		{8B11DE11-4758-47DE-AE48-3F18B332F391}.Release|Any CPU.ActiveCfg = Release|Any CPU
		{8B11DE11-4758-47DE-AE48-3F18B332F391}.Release|Any CPU.Build.0 = Release|Any CPU
		{0C6928E1-E8B5-4C75-842C-D744C50360E8}.Debug|Any CPU.ActiveCfg = Debug|Any CPU
		{0C6928E1-E8B5-4C75-842C-D744C50360E8}.Debug|Any CPU.Build.0 = Debug|Any CPU
		{0C6928E1-E8B5-4C75-842C-D744C50360E8}.Release|Any CPU.ActiveCfg = Release|Any CPU
		{0C6928E1-E8B5-4C75-842C-D744C50360E8}.Release|Any CPU.Build.0 = Release|Any CPU
	EndGlobalSection
	GlobalSection(SolutionProperties) = preSolution
		HideSolutionNode = FALSE
	EndGlobalSection
	GlobalSection(ExtensibilityGlobals) = postSolution
		SolutionGuid = {A03A0B8E-C39C-4F2B-AFE7-38C0EE8C3D73}
	EndGlobalSection
EndGlobal
